
Microsoft Visual Studio Solution File, Format Version 12.00
# Visual Studio Version 17
VisualStudioVersion = 17.8.34309.116
MinimumVisualStudioVersion = 10.0.40219.1
Project("{FAE04EC0-301F-11D3-BF4B-00C04F79EFBC}") = "_Arboles", "_Arboles.csproj", "{325239B6-6F85-4391-97AC-2EC9DDE9C322}"
EndProject
Global
	GlobalSection(SolutionConfigurationPlatforms) = preSolution
		Debug|Any CPU = Debug|Any CPU
		Release|Any CPU = Release|Any CPU
	EndGlobalSection
	GlobalSection(ProjectConfigurationPlatforms) = postSolution
		{325239B6-6F85-4391-97AC-2EC9DDE9C322}.Debug|Any CPU.ActiveCfg = Debug|Any CPU
		{325239B6-6F85-4391-97AC-2EC9DDE9C322}.Debug|Any CPU.Build.0 = Debug|Any CPU
		{325239B6-6F85-4391-97AC-2EC9DDE9C322}.Release|Any CPU.ActiveCfg = Release|Any CPU
		{325239B6-6F85-4391-97AC-2EC9DDE9C322}.Release|Any CPU.Build.0 = Release|Any CPU
	EndGlobalSection
	GlobalSection(SolutionProperties) = preSolution
		HideSolutionNode = FALSE
	EndGlobalSection
	GlobalSection(ExtensibilityGlobals) = postSolution
		SolutionGuid = {9AECC6BE-EFFB-41D8-AA76-1FFAC5259D60}
	EndGlobalSection
EndGlobal
